Microsoft Visual Studio Solution File, Format Version 11.00
# Visual Studio 2008

Project("{3EFDAE77-7987-C92D-3E34-E8AE735B4C9E}") = "ProjectMonoide", "Assembly-CSharp.csproj", "{446B67A0-49C7-7B96-4524-00AC337FDF8D}"
EndProject
Global
	GlobalSection(SolutionConfigurationPlatforms) = preSolution
		Debug|Any CPU = Debug|Any CPU
		Release|Any CPU = Release|Any CPU
	EndGlobalSection
	GlobalSection(ProjectConfigurationPlatforms) = postSolution
		{446B67A0-49C7-7B96-4524-00AC337FDF8D}.Debug|Any CPU.ActiveCfg = Debug|Any CPU
		{446B67A0-49C7-7B96-4524-00AC337FDF8D}.Debug|Any CPU.Build.0 = Debug|Any CPU
		{446B67A0-49C7-7B96-4524-00AC337FDF8D}.Release|Any CPU.ActiveCfg = Release|Any CPU
		{446B67A0-49C7-7B96-4524-00AC337FDF8D}.Release|Any CPU.Build.0 = Release|Any CPU
	EndGlobalSection
	GlobalSection(SolutionProperties) = preSolution
		HideSolutionNode = FALSE
	EndGlobalSection
	GlobalSection(MonoDevelopProperties) = preSolution
		StartupItem = Assembly-CSharp.csproj
	EndGlobalSection
EndGlobal
